
Microsoft Visual Studio Solution File, Format Version 12.00
# Visual Studio 14
VisualStudioVersion = 14.0.23107.0
MinimumVisualStudioVersion = 10.0.40219.1
Project("{FAE04EC0-301F-11D3-BF4B-00C04F79EFBC}") = "Genkan", "Genkan\Genkan.csproj", "{DDC500E0-4BB6-40E1-A9A8-670BE39B4983}"
EndProject
Project("{FAE04EC0-301F-11D3-BF4B-00C04F79EFBC}") = "Genkan.Example", "Genkan.Example\Genkan.Example.csproj", "{8108947F-DD77-412E-A254-7A59D10EE5D7}"
EndProject
Project("{FAE04EC0-301F-11D3-BF4B-00C04F79EFBC}") = "Genkan.Tests", "Genkan.Tests\Genkan.Tests.csproj", "{74F5C70E-3B87-42BA-9FA1-A74140B105A9}"
EndProject
Global
	GlobalSection(SolutionConfigurationPlatforms) = preSolution
		Debug|Any CPU = Debug|Any CPU
		Release|Any CPU = Release|Any CPU
	EndGlobalSection
	GlobalSection(ProjectConfigurationPlatforms) = postSolution
		{DDC500E0-4BB6-40E1-A9A8-670BE39B4983}.Debug|Any CPU.ActiveCfg = Debug|Any CPU
		{DDC500E0-4BB6-40E1-A9A8-670BE39B4983}.Debug|Any CPU.Build.0 = Debug|Any CPU
		{DDC500E0-4BB6-40E1-A9A8-670BE39B4983}.Release|Any CPU.ActiveCfg = Release|Any CPU
		{DDC500E0-4BB6-40E1-A9A8-670BE39B4983}.Release|Any CPU.Build.0 = Release|Any CPU
		{8108947F-DD77-412E-A254-7A59D10EE5D7}.Debug|Any CPU.ActiveCfg = Debug|Any CPU
		{8108947F-DD77-412E-A254-7A59D10EE5D7}.Debug|Any CPU.Build.0 = Debug|Any CPU
		{8108947F-DD77-412E-A254-7A59D10EE5D7}.Release|Any CPU.ActiveCfg = Release|Any CPU
		{8108947F-DD77-412E-A254-7A59D10EE5D7}.Release|Any CPU.Build.0 = Release|Any CPU
		{74F5C70E-3B87-42BA-9FA1-A74140B105A9}.Debug|Any CPU.ActiveCfg = Debug|Any CPU
		{74F5C70E-3B87-42BA-9FA1-A74140B105A9}.Debug|Any CPU.Build.0 = Debug|Any CPU
		{74F5C70E-3B87-42BA-9FA1-A74140B105A9}.Release|Any CPU.ActiveCfg = Release|Any CPU
		{74F5C70E-3B87-42BA-9FA1-A74140B105A9}.Release|Any CPU.Build.0 = Release|Any CPU
	EndGlobalSection
	GlobalSection(SolutionProperties) = preSolution
		HideSolutionNode = FALSE
	EndGlobalSection
EndGlobal
